
Microsoft Visual Studio Solution File, Format Version 12.00
# Visual Studio Version 16
VisualStudioVersion = 16.0.29102.190
MinimumVisualStudioVersion = 10.0.40219.1
Project("{FAE04EC0-301F-11D3-BF4B-00C04F79EFBC}") = "MailAssistant", "MailAssistant\MailAssistant.csproj", "{ED36593D-0374-467E-A122-D1C08D030E9B}"
EndProject
Global
	GlobalSection(SolutionConfigurationPlatforms) = preSolution
		Debug|Any CPU = Debug|Any CPU
		Release|Any CPU = Release|Any CPU
	EndGlobalSection
	GlobalSection(ProjectConfigurationPlatforms) = postSolution
		{ED36593D-0374-467E-A122-D1C08D030E9B}.Debug|Any CPU.ActiveCfg = Debug|Any CPU
		{ED36593D-0374-467E-A122-D1C08D030E9B}.Debug|Any CPU.Build.0 = Debug|Any CPU
		{ED36593D-0374-467E-A122-D1C08D030E9B}.Release|Any CPU.ActiveCfg = Release|Any CPU
		{ED36593D-0374-467E-A122-D1C08D030E9B}.Release|Any CPU.Build.0 = Release|Any CPU
	EndGlobalSection
	GlobalSection(SolutionProperties) = preSolution
		HideSolutionNode = FALSE
	EndGlobalSection
	GlobalSection(ExtensibilityGlobals) = postSolution
		SolutionGuid = {AFE179A9-29CE-4631-BA88-25D69A39FAC2}
	EndGlobalSection
EndGlobal
